
Microsoft Visual Studio Solution File, Format Version 12.00
# Visual Studio Version 17
VisualStudioVersion = 17.2.32630.192
MinimumVisualStudioVersion = 10.0.40219.1
Project("{FAE04EC0-301F-11D3-BF4B-00C04F79EFBC}") = "TestLevinci", "TestLevinci\TestLevinci.csproj", "{003B64AF-DF96-44C1-96E2-D57451D16FFF}"
EndProject
Project("{FAE04EC0-301F-11D3-BF4B-00C04F79EFBC}") = "Jwt.Infrastructure", "Jwt.Infrastructure\Jwt.Infrastructure.csproj", "{4F18783A-A925-4F19-B104-AE27B9C439BD}"
EndProject
Project("{FAE04EC0-301F-11D3-BF4B-00C04F79EFBC}") = "Jwt.Applications", "Jwt.Applications\Jwt.Applications.csproj", "{DA0190D3-274A-4FC3-875E-A91CBA02FF9B}"
EndProject
Global
	GlobalSection(SolutionConfigurationPlatforms) = preSolution
		Debug|Any CPU = Debug|Any CPU
		Release|Any CPU = Release|Any CPU
	EndGlobalSection
	GlobalSection(ProjectConfigurationPlatforms) = postSolution
		{003B64AF-DF96-44C1-96E2-D57451D16FFF}.Debug|Any CPU.ActiveCfg = Debug|Any CPU
		{003B64AF-DF96-44C1-96E2-D57451D16FFF}.Debug|Any CPU.Build.0 = Debug|Any CPU
		{003B64AF-DF96-44C1-96E2-D57451D16FFF}.Release|Any CPU.ActiveCfg = Release|Any CPU
		{003B64AF-DF96-44C1-96E2-D57451D16FFF}.Release|Any CPU.Build.0 = Release|Any CPU
		{4F18783A-A925-4F19-B104-AE27B9C439BD}.Debug|Any CPU.ActiveCfg = Debug|Any CPU
		{4F18783A-A925-4F19-B104-AE27B9C439BD}.Debug|Any CPU.Build.0 = Debug|Any CPU
		{4F18783A-A925-4F19-B104-AE27B9C439BD}.Release|Any CPU.ActiveCfg = Release|Any CPU
		{4F18783A-A925-4F19-B104-AE27B9C439BD}.Release|Any CPU.Build.0 = Release|Any CPU
		{DA0190D3-274A-4FC3-875E-A91CBA02FF9B}.Debug|Any CPU.ActiveCfg = Debug|Any CPU
		{DA0190D3-274A-4FC3-875E-A91CBA02FF9B}.Debug|Any CPU.Build.0 = Debug|Any CPU
		{DA0190D3-274A-4FC3-875E-A91CBA02FF9B}.Release|Any CPU.ActiveCfg = Release|Any CPU
		{DA0190D3-274A-4FC3-875E-A91CBA02FF9B}.Release|Any CPU.Build.0 = Release|Any CPU
	EndGlobalSection
	GlobalSection(SolutionProperties) = preSolution
		HideSolutionNode = FALSE
	EndGlobalSection
	GlobalSection(ExtensibilityGlobals) = postSolution
		SolutionGuid = {F0A7FF6E-BB8B-4254-9B9B-7F86ABCF221A}
	EndGlobalSection
EndGlobal
